<?xml version="1.0" encoding="utf-8"?>
<Project ToolsVersion="4.0" xmlns="http://schemas.microsoft.com/developer/msbuild/2003">
  <ItemGroup>
    <Filter Include="Source Files">
      <UniqueIdentifier>{4FC737F1-C7A5-4376-A066-2A32D752A2FF}</UniqueIdentifier>
      <Extensions>cpp;c;cc;cxx;c++;cppm;ixx;def;odl;idl;hpj;bat;asm;asmx</Extensions>
    </Filter>
    <Filter Include="Header Files">
      <UniqueIdentifier>{93995380-89BD-4b04-88EB-625FBE52EBFB}</UniqueIdentifier>
      <Extensions>h;hh;hpp;hxx;h++;hm;inl;inc;ipp;xsd</Extensions>
    </Filter>
    <Filter Include="Resource Files">
      <UniqueIdentifier>{67DA6AB6-F800-4c08-8B7A-83BB121AAD01}</UniqueIdentifier>
      <Extensions>rc;ico;cur;bmp;dlg;rc2;rct;bin;rgs;gif;jpg;jpeg;jpe;resx;tiff;tif;png;wav;mfcribbon-ms</Extensions>
    </Filter>
    <Filter Include="Source Files\ImGui">
      <UniqueIdentifier>{d9d49c7b-03e6-4906-b865-eab36bfe0780}</UniqueIdentifier>
    </Filter>
    <Filter Include="Source Files\Font">
      <UniqueIdentifier>{a2b19ac2-0e5b-4287-a19d-cd12d80c9fbb}</UniqueIdentifier>
    </Filter>
    <Filter Include="Source Files\lw_http">
      <UniqueIdentifier>{6c7af175-8ea7-47c8-b2f7-bc2ce12862e3}</UniqueIdentifier>
    </Filter>
    <Filter Include="Source Files\encryption">
      <UniqueIdentifier>{05296413-62e3-4e90-b25b-1798f1d993f3}</UniqueIdentifier>
    </Filter>
    <Filter Include="Source Files\Server">
      <UniqueIdentifier>{cd8c738f-a70f-4d1a-99d7-80ac4135a78e}</UniqueIdentifier>
    </Filter>
    <Filter Include="Source Files\HWID">
      <UniqueIdentifier>{5fbc04db-bd9f-468d-abe2-7f9bb31d2919}</UniqueIdentifier>
    </Filter>
    <Filter Include="Source Files\encryption\cryptPP">
      <UniqueIdentifier>{72c25ebd-571e-42da-8b57-966d05577ed7}</UniqueIdentifier>
    </Filter>
    <Filter Include="Source Files\Parsing">
      <UniqueIdentifier>{6f32732f-1650-4b0b-b04f-7bbd2f2329d0}</UniqueIdentifier>
    </Filter>
  </ItemGroup>
  <ItemGroup>
    <ClCompile Include="main.cpp">
      <Filter>Source Files</Filter>
    </ClCompile>
    <ClCompile Include="ImGui\imgui.cpp">
      <Filter>Source Files\ImGui</Filter>
    </ClCompile>
    <ClCompile Include="ImGui\imgui_draw.cpp">
      <Filter>Source Files\ImGui</Filter>
    </ClCompile>
    <ClCompile Include="ImGui\imgui_impl_dx11.cpp">
      <Filter>Source Files\ImGui</Filter>
    </ClCompile>
    <ClCompile Include="ImGui\imgui_impl_win32.cpp">
      <Filter>Source Files\ImGui</Filter>
    </ClCompile>
    <ClCompile Include="ImGui\imgui_tables.cpp">
      <Filter>Source Files\ImGui</Filter>
    </ClCompile>
    <ClCompile Include="ImGui\imgui_widgets.cpp">
      <Filter>Source Files\ImGui</Filter>
    </ClCompile>
    <ClCompile Include="lw_http\lw_http.cpp">
      <Filter>Source Files\lw_http</Filter>
    </ClCompile>
    <ClCompile Include="hwid\hwid.cpp">
      <Filter>Source Files\HWID</Filter>
    </ClCompile>
    <ClCompile Include="encryption\crypto.cpp">
      <Filter>Source Files\encryption\cryptPP</Filter>
    </ClCompile>
    <ClCompile Include="Server Auth\HttpRequest.cpp">
      <Filter>Source Files\Server</Filter>
    </ClCompile>
    <ClCompile Include="Server Auth\Authentication.cpp">
      <Filter>Source Files\Server</Filter>
    </ClCompile>
  </ItemGroup>
  <ItemGroup>
    <ClInclude Include="ImGui\imconfig.h">
      <Filter>Source Files\ImGui</Filter>
    </ClInclude>
    <ClInclude Include="ImGui\imgui.h">
      <Filter>Source Files\ImGui</Filter>
    </ClInclude>
    <ClInclude Include="ImGui\imgui_impl_dx11.h">
      <Filter>Source Files\ImGui</Filter>
    </ClInclude>
    <ClInclude Include="ImGui\imgui_impl_win32.h">
      <Filter>Source Files\ImGui</Filter>
    </ClInclude>
    <ClInclude Include="ImGui\imgui_internal.h">
      <Filter>Source Files\ImGui</Filter>
    </ClInclude>
    <ClInclude Include="ImGui\imstb_rectpack.h">
      <Filter>Source Files\ImGui</Filter>
    </ClInclude>
    <ClInclude Include="ImGui\imstb_textedit.h">
      <Filter>Source Files\ImGui</Filter>
    </ClInclude>
    <ClInclude Include="ImGui\imstb_truetype.h">
      <Filter>Source Files\ImGui</Filter>
    </ClInclude>
    <ClInclude Include="ImGuiInits.h">
      <Filter>Source Files</Filter>
    </ClInclude>
    <ClInclude Include="WndProc.h">
      <Filter>Source Files</Filter>
    </ClInclude>
    <ClInclude Include="DrawForm.h">
      <Filter>Source Files</Filter>
    </ClInclude>
    <ClInclude Include="main.h">
      <Filter>Source Files</Filter>
    </ClInclude>
    <ClInclude Include="UserClass.h">
      <Filter>Source Files</Filter>
    </ClInclude>
    <ClInclude Include="lw_http\lw_http.hpp">
      <Filter>Source Files\lw_http</Filter>
    </ClInclude>
    <ClInclude Include="encryption\xor.h">
      <Filter>Source Files\encryption</Filter>
    </ClInclude>
    <ClInclude Include="HttpRequest.h">
      <Filter>Source Files\Server</Filter>
    </ClInclude>
    <ClInclude Include="CallbackThread.h">
      <Filter>Source Files\Server</Filter>
    </ClInclude>
    <ClInclude Include="Font\myriad.h">
      <Filter>Source Files\Font</Filter>
    </ClInclude>
    <ClInclude Include="hwid\hwid.h">
      <Filter>Source Files\HWID</Filter>
    </ClInclude>
    <ClInclude Include="encryption\crypto.h">
      <Filter>Source Files\encryption\cryptPP</Filter>
    </ClInclude>
    <ClInclude Include="parsing\json.hpp">
      <Filter>Source Files\Parsing</Filter>
    </ClInclude>
    <ClInclude Include="Authentication.h">
      <Filter>Source Files\Server</Filter>
    </ClInclude>
  </ItemGroup>
</Project>